
Microsoft Visual Studio Solution File, Format Version 12.00
# Visual Studio Version 17
VisualStudioVersion = 17.9.34728.123
MinimumVisualStudioVersion = 10.0.40219.1
Project("{888888A0-9F3D-457C-B088-3A5042F75D52}") = "Plugboards", "Plugboards.pyproj", "{4D8DE8B7-1CA0-4347-8943-B75258020929}"
EndProject
Global
	GlobalSection(SolutionConfigurationPlatforms) = preSolution
		Debug|Any CPU = Debug|Any CPU
		Release|Any CPU = Release|Any CPU
	EndGlobalSection
	GlobalSection(ProjectConfigurationPlatforms) = postSolution
		{4D8DE8B7-1CA0-4347-8943-B75258020929}.Debug|Any CPU.ActiveCfg = Debug|Any CPU
		{4D8DE8B7-1CA0-4347-8943-B75258020929}.Release|Any CPU.ActiveCfg = Release|Any CPU
	EndGlobalSection
	GlobalSection(SolutionProperties) = preSolution
		HideSolutionNode = FALSE
	EndGlobalSection
	GlobalSection(ExtensibilityGlobals) = postSolution
		SolutionGuid = {8602E264-3F1B-4E8A-A8D1-78040F929AA5}
	EndGlobalSection
EndGlobal
