
Microsoft Visual Studio Solution File, Format Version 12.00
# Visual Studio Version 17
VisualStudioVersion = 17.9.34902.65
MinimumVisualStudioVersion = 10.0.40219.1
Project("{888888A0-9F3D-457C-B088-3A5042F75D52}") = "GUI_Enigma", "GUI_Enigma.pyproj", "{C1253AE9-1FD3-47F7-A2D2-3EE0F14C2CAF}"
EndProject
Global
	GlobalSection(SolutionConfigurationPlatforms) = preSolution
		Debug|Any CPU = Debug|Any CPU
		Release|Any CPU = Release|Any CPU
	EndGlobalSection
	GlobalSection(ProjectConfigurationPlatforms) = postSolution
		{C1253AE9-1FD3-47F7-A2D2-3EE0F14C2CAF}.Debug|Any CPU.ActiveCfg = Debug|Any CPU
		{C1253AE9-1FD3-47F7-A2D2-3EE0F14C2CAF}.Release|Any CPU.ActiveCfg = Release|Any CPU
	EndGlobalSection
	GlobalSection(SolutionProperties) = preSolution
		HideSolutionNode = FALSE
	EndGlobalSection
	GlobalSection(ExtensibilityGlobals) = postSolution
		SolutionGuid = {4237F0ED-65CA-42B2-87E6-20FC83E61C58}
	EndGlobalSection
EndGlobal
